
Microsoft Visual Studio Solution File, Format Version 12.00
# Visual Studio 2012
Project("{FAE04EC0-301F-11D3-BF4B-00C04F79EFBC}") = "CodeDocumentation", "CodeDocumentation.csproj", "{BB962BAC-0761-46BA-82A2-B78F1132D27F}"
EndProject
Global
	GlobalSection(SolutionConfigurationPlatforms) = preSolution
		Debug|Any CPU = Debug|Any CPU
		Release|Any CPU = Release|Any CPU
	EndGlobalSection
	GlobalSection(ProjectConfigurationPlatforms) = postSolution
		{BB962BAC-0761-46BA-82A2-B78F1132D27F}.Debug|Any CPU.ActiveCfg = Debug|Any CPU
		{BB962BAC-0761-46BA-82A2-B78F1132D27F}.Debug|Any CPU.Build.0 = Debug|Any CPU
		{BB962BAC-0761-46BA-82A2-B78F1132D27F}.Release|Any CPU.ActiveCfg = Release|Any CPU
		{BB962BAC-0761-46BA-82A2-B78F1132D27F}.Release|Any CPU.Build.0 = Release|Any CPU
	EndGlobalSection
	GlobalSection(SolutionProperties) = preSolution
		HideSolutionNode = FALSE
	EndGlobalSection
EndGlobal
