
Microsoft Visual Studio Solution File, Format Version 12.00
# Visual Studio 2012
Project("{FAE04EC0-301F-11D3-BF4B-00C04F79EFBC}") = "NamingIdentifiersTask1To3", "NamingIdentifiersTask1To3.csproj", "{250D1142-95CE-48A2-87E9-B052129B7C86}"
EndProject
Global
	GlobalSection(SolutionConfigurationPlatforms) = preSolution
		Debug|Any CPU = Debug|Any CPU
		Release|Any CPU = Release|Any CPU
	EndGlobalSection
	GlobalSection(ProjectConfigurationPlatforms) = postSolution
		{250D1142-95CE-48A2-87E9-B052129B7C86}.Debug|Any CPU.ActiveCfg = Debug|Any CPU
		{250D1142-95CE-48A2-87E9-B052129B7C86}.Debug|Any CPU.Build.0 = Debug|Any CPU
		{250D1142-95CE-48A2-87E9-B052129B7C86}.Release|Any CPU.ActiveCfg = Release|Any CPU
		{250D1142-95CE-48A2-87E9-B052129B7C86}.Release|Any CPU.Build.0 = Release|Any CPU
	EndGlobalSection
	GlobalSection(SolutionProperties) = preSolution
		HideSolutionNode = FALSE
	EndGlobalSection
EndGlobal
