
Microsoft Visual Studio Solution File, Format Version 12.00
# Visual Studio 2012
Project("{FAE04EC0-301F-11D3-BF4B-00C04F79EFBC}") = "04-Troll-Diamond", "04-Troll-Diamond\04-Troll-Diamond.csproj", "{BD5E46FF-186F-42E9-AF7F-461A96418798}"
EndProject
Global
	GlobalSection(SolutionConfigurationPlatforms) = preSolution
		Debug|Any CPU = Debug|Any CPU
		Release|Any CPU = Release|Any CPU
	EndGlobalSection
	GlobalSection(ProjectConfigurationPlatforms) = postSolution
		{BD5E46FF-186F-42E9-AF7F-461A96418798}.Debug|Any CPU.ActiveCfg = Debug|Any CPU
		{BD5E46FF-186F-42E9-AF7F-461A96418798}.Debug|Any CPU.Build.0 = Debug|Any CPU
		{BD5E46FF-186F-42E9-AF7F-461A96418798}.Release|Any CPU.ActiveCfg = Release|Any CPU
		{BD5E46FF-186F-42E9-AF7F-461A96418798}.Release|Any CPU.Build.0 = Release|Any CPU
	EndGlobalSection
	GlobalSection(SolutionProperties) = preSolution
		HideSolutionNode = FALSE
	EndGlobalSection
EndGlobal
