
Microsoft Visual Studio Solution File, Format Version 12.00
# Visual Studio 2012
Project("{FAE04EC0-301F-11D3-BF4B-00C04F79EFBC}") = "VariablesAndExpressions", "VariablesAndExpressions.csproj", "{CCFB58CC-1A2B-4787-B7D6-FF2CE4BEABDA}"
EndProject
Global
	GlobalSection(SolutionConfigurationPlatforms) = preSolution
		Debug|Any CPU = Debug|Any CPU
		Release|Any CPU = Release|Any CPU
	EndGlobalSection
	GlobalSection(ProjectConfigurationPlatforms) = postSolution
		{CCFB58CC-1A2B-4787-B7D6-FF2CE4BEABDA}.Debug|Any CPU.ActiveCfg = Debug|Any CPU
		{CCFB58CC-1A2B-4787-B7D6-FF2CE4BEABDA}.Debug|Any CPU.Build.0 = Debug|Any CPU
		{CCFB58CC-1A2B-4787-B7D6-FF2CE4BEABDA}.Release|Any CPU.ActiveCfg = Release|Any CPU
		{CCFB58CC-1A2B-4787-B7D6-FF2CE4BEABDA}.Release|Any CPU.Build.0 = Release|Any CPU
	EndGlobalSection
	GlobalSection(SolutionProperties) = preSolution
		HideSolutionNode = FALSE
	EndGlobalSection
EndGlobal
